
Microsoft Visual Studio Solution File, Format Version 12.00
# Visual Studio Version 17
VisualStudioVersion = 17.4.33205.214
MinimumVisualStudioVersion = 10.0.40219.1
Project("{FAE04EC0-301F-11D3-BF4B-00C04F79EFBC}") = "AnyarWebApp", "AnyarWebApp\AnyarWebApp.csproj", "{888B2B49-E922-4DC4-99BA-7A2A0F565023}"
EndProject
Project("{FAE04EC0-301F-11D3-BF4B-00C04F79EFBC}") = "Core", "Core\Core.csproj", "{7FED76B6-0289-4D47-8980-F6D668CBE5FD}"
EndProject
Project("{FAE04EC0-301F-11D3-BF4B-00C04F79EFBC}") = "Entities", "Entities\Entities.csproj", "{C7C20019-E9DC-4758-A3CF-A6CCEAE390A8}"
EndProject
Project("{FAE04EC0-301F-11D3-BF4B-00C04F79EFBC}") = "DataAccess", "DataAccess\DataAccess.csproj", "{84A4B323-F615-464A-9287-BC7FB5758D16}"
EndProject
Project("{FAE04EC0-301F-11D3-BF4B-00C04F79EFBC}") = "Business", "Business\Business.csproj", "{50609CD2-A3E4-476C-A585-89DED269622D}"
EndProject
Global
	GlobalSection(SolutionConfigurationPlatforms) = preSolution
		Debug|Any CPU = Debug|Any CPU
		Release|Any CPU = Release|Any CPU
	EndGlobalSection
	GlobalSection(ProjectConfigurationPlatforms) = postSolution
		{888B2B49-E922-4DC4-99BA-7A2A0F565023}.Debug|Any CPU.ActiveCfg = Debug|Any CPU
		{888B2B49-E922-4DC4-99BA-7A2A0F565023}.Debug|Any CPU.Build.0 = Debug|Any CPU
		{888B2B49-E922-4DC4-99BA-7A2A0F565023}.Release|Any CPU.ActiveCfg = Release|Any CPU
		{888B2B49-E922-4DC4-99BA-7A2A0F565023}.Release|Any CPU.Build.0 = Release|Any CPU
		{7FED76B6-0289-4D47-8980-F6D668CBE5FD}.Debug|Any CPU.ActiveCfg = Debug|Any CPU
		{7FED76B6-0289-4D47-8980-F6D668CBE5FD}.Debug|Any CPU.Build.0 = Debug|Any CPU
		{7FED76B6-0289-4D47-8980-F6D668CBE5FD}.Release|Any CPU.ActiveCfg = Release|Any CPU
		{7FED76B6-0289-4D47-8980-F6D668CBE5FD}.Release|Any CPU.Build.0 = Release|Any CPU
		{C7C20019-E9DC-4758-A3CF-A6CCEAE390A8}.Debug|Any CPU.ActiveCfg = Debug|Any CPU
		{C7C20019-E9DC-4758-A3CF-A6CCEAE390A8}.Debug|Any CPU.Build.0 = Debug|Any CPU
		{C7C20019-E9DC-4758-A3CF-A6CCEAE390A8}.Release|Any CPU.ActiveCfg = Release|Any CPU
		{C7C20019-E9DC-4758-A3CF-A6CCEAE390A8}.Release|Any CPU.Build.0 = Release|Any CPU
		{84A4B323-F615-464A-9287-BC7FB5758D16}.Debug|Any CPU.ActiveCfg = Debug|Any CPU
		{84A4B323-F615-464A-9287-BC7FB5758D16}.Debug|Any CPU.Build.0 = Debug|Any CPU
		{84A4B323-F615-464A-9287-BC7FB5758D16}.Release|Any CPU.ActiveCfg = Release|Any CPU
		{84A4B323-F615-464A-9287-BC7FB5758D16}.Release|Any CPU.Build.0 = Release|Any CPU
		{50609CD2-A3E4-476C-A585-89DED269622D}.Debug|Any CPU.ActiveCfg = Debug|Any CPU
		{50609CD2-A3E4-476C-A585-89DED269622D}.Debug|Any CPU.Build.0 = Debug|Any CPU
		{50609CD2-A3E4-476C-A585-89DED269622D}.Release|Any CPU.ActiveCfg = Release|Any CPU
		{50609CD2-A3E4-476C-A585-89DED269622D}.Release|Any CPU.Build.0 = Release|Any CPU
	EndGlobalSection
	GlobalSection(SolutionProperties) = preSolution
		HideSolutionNode = FALSE
	EndGlobalSection
	GlobalSection(ExtensibilityGlobals) = postSolution
		SolutionGuid = {E6490DD7-6D08-4D12-BE68-734E9FB3DB68}
	EndGlobalSection
EndGlobal
